// !$*UTF8*$!
{
	archiveVersion = 1;
	classes = {
	};
	objectVersion = 55;
	objects = {

/* Begin PBXBuildFile section */
		02CC813F28D47A8900FB729B /* ProductListing.framework in Frameworks */ = {isa = PBXBuildFile; fileRef = 02CC813E28D47A8900FB729B /* ProductListing.framework */; };
		02CC814028D47A8900FB729B /* ProductListing.framework in Embed Frameworks */ = {isa = PBXBuildFile; fileRef = 02CC813E28D47A8900FB729B /* ProductListing.framework */; settings = {ATTRIBUTES = (CodeSignOnCopy, RemoveHeadersOnCopy, ); }; };
		02E6587128D46E2100B00EEC /* AppDelegate.swift in Sources */ = {isa = PBXBuildFile; fileRef = 02E6587028D46E2100B00EEC /* AppDelegate.swift */; };
		02E6587A28D46E2300B00EEC /* Assets.xcassets in Resources */ = {isa = PBXBuildFile; fileRef = 02E6587928D46E2300B00EEC /* Assets.xcassets */; };
		02E6587D28D46E2300B00EEC /* LaunchScreen.storyboard in Resources */ = {isa = PBXBuildFile; fileRef = 02E6587B28D46E2300B00EEC /* LaunchScreen.storyboard */; };
		02E6588828D46E2300B00EEC /* AppTests.swift in Sources */ = {isa = PBXBuildFile; fileRef = 02E6588728D46E2300B00EEC /* AppTests.swift */; };
		02E6589228D46E2300B00EEC /* AppUITests.swift in Sources */ = {isa = PBXBuildFile; fileRef = 02E6589128D46E2300B00EEC /* AppUITests.swift */; };
		02E6589428D46E2300B00EEC /* AppUITestsLaunchTests.swift in Sources */ = {isa = PBXBuildFile; fileRef = 02E6589328D46E2300B00EEC /* AppUITestsLaunchTests.swift */; };
/* End PBXBuildFile section */

/* Begin PBXContainerItemProxy section */
		02E6588428D46E2300B00EEC /* PBXContainerItemProxy */ = {
			isa = PBXContainerItemProxy;
			containerPortal = 02E6586528D46E2100B00EEC /* Project object */;
			proxyType = 1;
			remoteGlobalIDString = 02E6586C28D46E2100B00EEC;
			remoteInfo = App;
		};
		02E6588E28D46E2300B00EEC /* PBXContainerItemProxy */ = {
			isa = PBXContainerItemProxy;
			containerPortal = 02E6586528D46E2100B00EEC /* Project object */;
			proxyType = 1;
			remoteGlobalIDString = 02E6586C28D46E2100B00EEC;
			remoteInfo = App;
		};
/* End PBXContainerItemProxy section */

/* Begin PBXCopyFilesBuildPhase section */
		02CC814128D47A8900FB729B /* Embed Frameworks */ = {
			isa = PBXCopyFilesBuildPhase;
			buildActionMask = 2147483647;
			dstPath = "";
			dstSubfolderSpec = 10;
			files = (
				02CC814028D47A8900FB729B /* ProductListing.framework in Embed Frameworks */,
			);
			name = "Embed Frameworks";
			runOnlyForDeploymentPostprocessing = 0;
		};
/* End PBXCopyFilesBuildPhase section */

/* Begin PBXFileReference section */
		02CC813E28D47A8900FB729B /* ProductListing.framework */ = {isa = PBXFileReference; explicitFileType = wrapper.framework; path = ProductListing.framework; sourceTree = BUILT_PRODUCTS_DIR; };
		02E6586D28D46E2100B00EEC /* App.app */ = {isa = PBXFileReference; explicitFileType = wrapper.application; includeInIndex = 0; path = App.app; sourceTree = BUILT_PRODUCTS_DIR; };
		02E6587028D46E2100B00EEC /* AppDelegate.swift */ = {isa = PBXFileReference; lastKnownFileType = sourcecode.swift; path = AppDelegate.swift; sourceTree = "<group>"; };
		02E6587928D46E2300B00EEC /* Assets.xcassets */ = {isa = PBXFileReference; lastKnownFileType = folder.assetcatalog; path = Assets.xcassets; sourceTree = "<group>"; };
		02E6587C28D46E2300B00EEC /* Base */ = {isa = PBXFileReference; lastKnownFileType = file.storyboard; name = Base; path = Base.lproj/LaunchScreen.storyboard; sourceTree = "<group>"; };
		02E6587E28D46E2300B00EEC /* Info.plist */ = {isa = PBXFileReference; lastKnownFileType = text.plist.xml; path = Info.plist; sourceTree = "<group>"; };
		02E6588328D46E2300B00EEC /* AppTests.xctest */ = {isa = PBXFileReference; explicitFileType = wrapper.cfbundle; includeInIndex = 0; path = AppTests.xctest; sourceTree = BUILT_PRODUCTS_DIR; };
		02E6588728D46E2300B00EEC /* AppTests.swift */ = {isa = PBXFileReference; lastKnownFileType = sourcecode.swift; path = AppTests.swift; sourceTree = "<group>"; };
		02E6588D28D46E2300B00EEC /* AppUITests.xctest */ = {isa = PBXFileReference; explicitFileType = wrapper.cfbundle; includeInIndex = 0; path = AppUITests.xctest; sourceTree = BUILT_PRODUCTS_DIR; };
		02E6589128D46E2300B00EEC /* AppUITests.swift */ = {isa = PBXFileReference; lastKnownFileType = sourcecode.swift; path = AppUITests.swift; sourceTree = "<group>"; };
		02E6589328D46E2300B00EEC /* AppUITestsLaunchTests.swift */ = {isa = PBXFileReference; lastKnownFileType = sourcecode.swift; path = AppUITestsLaunchTests.swift; sourceTree = "<group>"; };
/* End PBXFileReference section */

/* Begin PBXFrameworksBuildPhase section */
		02E6586A28D46E2100B00EEC /* Frameworks */ = {
			isa = PBXFrameworksBuildPhase;
			buildActionMask = 2147483647;
			files = (
				02CC813F28D47A8900FB729B /* ProductListing.framework in Frameworks */,
			);
			runOnlyForDeploymentPostprocessing = 0;
		};
		02E6588028D46E2300B00EEC /* Frameworks */ = {
			isa = PBXFrameworksBuildPhase;
			buildActionMask = 2147483647;
			files = (
			);
			runOnlyForDeploymentPostprocessing = 0;
		};
		02E6588A28D46E2300B00EEC /* Frameworks */ = {
			isa = PBXFrameworksBuildPhase;
			buildActionMask = 2147483647;
			files = (
			);
			runOnlyForDeploymentPostprocessing = 0;
		};
/* End PBXFrameworksBuildPhase section */

/* Begin PBXGroup section */
		02CC811528D4769500FB729B /* Resources */ = {
			isa = PBXGroup;
			children = (
				02E6587928D46E2300B00EEC /* Assets.xcassets */,
				02E6587E28D46E2300B00EEC /* Info.plist */,
			);
			path = Resources;
			sourceTree = "<group>";
		};
		02CC813D28D47A8900FB729B /* Frameworks */ = {
			isa = PBXGroup;
			children = (
				02CC813E28D47A8900FB729B /* ProductListing.framework */,
			);
			name = Frameworks;
			sourceTree = "<group>";
		};
		02E6586428D46E2100B00EEC = {
			isa = PBXGroup;
			children = (
				02E6586F28D46E2100B00EEC /* App */,
				02E6588628D46E2300B00EEC /* AppTests */,
				02E6589028D46E2300B00EEC /* AppUITests */,
				02E6586E28D46E2100B00EEC /* Products */,
				02CC813D28D47A8900FB729B /* Frameworks */,
			);
			sourceTree = "<group>";
		};
		02E6586E28D46E2100B00EEC /* Products */ = {
			isa = PBXGroup;
			children = (
				02E6586D28D46E2100B00EEC /* App.app */,
				02E6588328D46E2300B00EEC /* AppTests.xctest */,
				02E6588D28D46E2300B00EEC /* AppUITests.xctest */,
			);
			name = Products;
			sourceTree = "<group>";
		};
		02E6586F28D46E2100B00EEC /* App */ = {
			isa = PBXGroup;
			children = (
				02E6587028D46E2100B00EEC /* AppDelegate.swift */,
				02E6587B28D46E2300B00EEC /* LaunchScreen.storyboard */,
				02CC811528D4769500FB729B /* Resources */,
			);
			path = App;
			sourceTree = "<group>";
		};
		02E6588628D46E2300B00EEC /* AppTests */ = {
			isa = PBXGroup;
			children = (
				02E6588728D46E2300B00EEC /* AppTests.swift */,
			);
			path = AppTests;
			sourceTree = "<group>";
		};
		02E6589028D46E2300B00EEC /* AppUITests */ = {
			isa = PBXGroup;
			children = (
				02E6589128D46E2300B00EEC /* AppUITests.swift */,
				02E6589328D46E2300B00EEC /* AppUITestsLaunchTests.swift */,
			);
			path = AppUITests;
			sourceTree = "<group>";
		};
/* End PBXGroup section */

/* Begin PBXNativeTarget section */
		02E6586C28D46E2100B00EEC /* App */ = {
			isa = PBXNativeTarget;
			buildConfigurationList = 02E6589728D46E2300B00EEC /* Build configuration list for PBXNativeTarget "App" */;
			buildPhases = (
				02E6586928D46E2100B00EEC /* Sources */,
				02E6586A28D46E2100B00EEC /* Frameworks */,
				02E6586B28D46E2100B00EEC /* Resources */,
				02CC814128D47A8900FB729B /* Embed Frameworks */,
			);
			buildRules = (
			);
			dependencies = (
			);
			name = App;
			packageProductDependencies = (
			);
			productName = App;
			productReference = 02E6586D28D46E2100B00EEC /* App.app */;
			productType = "com.apple.product-type.application";
		};
		02E6588228D46E2300B00EEC /* AppTests */ = {
			isa = PBXNativeTarget;
			buildConfigurationList = 02E6589A28D46E2300B00EEC /* Build configuration list for PBXNativeTarget "AppTests" */;
			buildPhases = (
				02E6587F28D46E2300B00EEC /* Sources */,
				02E6588028D46E2300B00EEC /* Frameworks */,
				02E6588128D46E2300B00EEC /* Resources */,
			);
			buildRules = (
			);
			dependencies = (
				02E6588528D46E2300B00EEC /* PBXTargetDependency */,
			);
			name = AppTests;
			productName = AppTests;
			productReference = 02E6588328D46E2300B00EEC /* AppTests.xctest */;
			productType = "com.apple.product-type.bundle.unit-test";
		};
		02E6588C28D46E2300B00EEC /* AppUITests */ = {
			isa = PBXNativeTarget;
			buildConfigurationList = 02E6589D28D46E2300B00EEC /* Build configuration list for PBXNativeTarget "AppUITests" */;
			buildPhases = (
				02E6588928D46E2300B00EEC /* Sources */,
				02E6588A28D46E2300B00EEC /* Frameworks */,
				02E6588B28D46E2300B00EEC /* Resources */,
			);
			buildRules = (
			);
			dependencies = (
				02E6588F28D46E2300B00EEC /* PBXTargetDependency */,
			);
			name = AppUITests;
			productName = AppUITests;
			productReference = 02E6588D28D46E2300B00EEC /* AppUITests.xctest */;
			productType = "com.apple.product-type.bundle.ui-testing";
		};
/* End PBXNativeTarget section */

/* Begin PBXProject section */
		02E6586528D46E2100B00EEC /* Project object */ = {
			isa = PBXProject;
			attributes = {
				BuildIndependentTargetsInParallel = 1;
				LastSwiftUpdateCheck = 1340;
				LastUpgradeCheck = 1340;
				TargetAttributes = {
					02E6586C28D46E2100B00EEC = {
						CreatedOnToolsVersion = 13.4.1;
					};
					02E6588228D46E2300B00EEC = {
						CreatedOnToolsVersion = 13.4.1;
						TestTargetID = 02E6586C28D46E2100B00EEC;
					};
					02E6588C28D46E2300B00EEC = {
						CreatedOnToolsVersion = 13.4.1;
						TestTargetID = 02E6586C28D46E2100B00EEC;
					};
				};
			};
			buildConfigurationList = 02E6586828D46E2100B00EEC /* Build configuration list for PBXProject "App" */;
			compatibilityVersion = "Xcode 13.0";
			developmentRegion = en;
			hasScannedForEncodings = 0;
			knownRegions = (
				en,
				Base,
			);
			mainGroup = 02E6586428D46E2100B00EEC;
			packageReferences = (
			);
			productRefGroup = 02E6586E28D46E2100B00EEC /* Products */;
			projectDirPath = "";
			projectRoot = "";
			targets = (
				02E6586C28D46E2100B00EEC /* App */,
				02E6588228D46E2300B00EEC /* AppTests */,
				02E6588C28D46E2300B00EEC /* AppUITests */,
			);
		};
/* End PBXProject section */

/* Begin PBXResourcesBuildPhase section */
		02E6586B28D46E2100B00EEC /* Resources */ = {
			isa = PBXResourcesBuildPhase;
			buildActionMask = 2147483647;
			files = (
				02E6587D28D46E2300B00EEC /* LaunchScreen.storyboard in Resources */,
				02E6587A28D46E2300B00EEC /* Assets.xcassets in Resources */,
			);
			runOnlyForDeploymentPostprocessing = 0;
		};
		02E6588128D46E2300B00EEC /* Resources */ = {
			isa = PBXResourcesBuildPhase;
			buildActionMask = 2147483647;
			files = (
			);
			runOnlyForDeploymentPostprocessing = 0;
		};
		02E6588B28D46E2300B00EEC /* Resources */ = {
			isa = PBXResourcesBuildPhase;
			buildActionMask = 2147483647;
			files = (
			);
			runOnlyForDeploymentPostprocessing = 0;
		};
/* End PBXResourcesBuildPhase section */

/* Begin PBXSourcesBuildPhase section */
		02E6586928D46E2100B00EEC /* Sources */ = {
			isa = PBXSourcesBuildPhase;
			buildActionMask = 2147483647;
			files = (
				02E6587128D46E2100B00EEC /* AppDelegate.swift in Sources */,
			);
			runOnlyForDeploymentPostprocessing = 0;
		};
		02E6587F28D46E2300B00EEC /* Sources */ = {
			isa = PBXSourcesBuildPhase;
			buildActionMask = 2147483647;
			files = (
				02E6588828D46E2300B00EEC /* AppTests.swift in Sources */,
			);
			runOnlyForDeploymentPostprocessing = 0;
		};
		02E6588928D46E2300B00EEC /* Sources */ = {
			isa = PBXSourcesBuildPhase;
			buildActionMask = 2147483647;
			files = (
				02E6589428D46E2300B00EEC /* AppUITestsLaunchTests.swift in Sources */,
				02E6589228D46E2300B00EEC /* AppUITests.swift in Sources */,
			);
			runOnlyForDeploymentPostprocessing = 0;
		};
/* End PBXSourcesBuildPhase section */

/* Begin PBXTargetDependency section */
		02E6588528D46E2300B00EEC /* PBXTargetDependency */ = {
			isa = PBXTargetDependency;
			target = 02E6586C28D46E2100B00EEC /* App */;
			targetProxy = 02E6588428D46E2300B00EEC /* PBXContainerItemProxy */;
		};
		02E6588F28D46E2300B00EEC /* PBXTargetDependency */ = {
			isa = PBXTargetDependency;
			target = 02E6586C28D46E2100B00EEC /* App */;
			targetProxy = 02E6588E28D46E2300B00EEC /* PBXContainerItemProxy */;
		};
/* End PBXTargetDependency section */

/* Begin PBXVariantGroup section */
		02E6587B28D46E2300B00EEC /* LaunchScreen.storyboard */ = {
			isa = PBXVariantGroup;
			children = (
				02E6587C28D46E2300B00EEC /* Base */,
			);
			name = LaunchScreen.storyboard;
			sourceTree = "<group>";
		};
/* End PBXVariantGroup section */

/* Begin XCBuildConfiguration section */
		02E6589528D46E2300B00EEC /* Debug */ = {
			isa = XCBuildConfiguration;
			buildSettings = {
				ALWAYS_SEARCH_USER_PATHS = NO;
				CLANG_ANALYZER_NONNULL = YES;
				CLANG_ANALYZER_NUMBER_OBJECT_CONVERSION = YES_AGGRESSIVE;
				CLANG_CXX_LANGUAGE_STANDARD = "gnu++17";
				CLANG_ENABLE_MODULES = YES;
				CLANG_ENABLE_OBJC_ARC = YES;
				CLANG_ENABLE_OBJC_WEAK = YES;
				CLANG_WARN_BLOCK_CAPTURE_AUTORELEASING = YES;
				CLANG_WARN_BOOL_CONVERSION = YES;
				CLANG_WARN_COMMA = YES;
				CLANG_WARN_CONSTANT_CONVERSION = YES;
				CLANG_WARN_DEPRECATED_OBJC_IMPLEMENTATIONS = YES;
				CLANG_WARN_DIRECT_OBJC_ISA_USAGE = YES_ERROR;
				CLANG_WARN_DOCUMENTATION_COMMENTS = YES;
				CLANG_WARN_EMPTY_BODY = YES;
				CLANG_WARN_ENUM_CONVERSION = YES;
				CLANG_WARN_INFINITE_RECURSION = YES;
				CLANG_WARN_INT_CONVERSION = YES;
				CLANG_WARN_NON_LITERAL_NULL_CONVERSION = YES;
				CLANG_WARN_OBJC_IMPLICIT_RETAIN_SELF = YES;
				CLANG_WARN_OBJC_LITERAL_CONVERSION = YES;
				CLANG_WARN_OBJC_ROOT_CLASS = YES_ERROR;
				CLANG_WARN_QUOTED_INCLUDE_IN_FRAMEWORK_HEADER = YES;
				CLANG_WARN_RANGE_LOOP_ANALYSIS = YES;
				CLANG_WARN_STRICT_PROTOTYPES = YES;
				CLANG_WARN_SUSPICIOUS_MOVE = YES;
				CLANG_WARN_UNGUARDED_AVAILABILITY = YES_AGGRESSIVE;
				CLANG_WARN_UNREACHABLE_CODE = YES;
				CLANG_WARN__DUPLICATE_METHOD_MATCH = YES;
				COPY_PHASE_STRIP = NO;
				DEBUG_INFORMATION_FORMAT = dwarf;
				ENABLE_STRICT_OBJC_MSGSEND = YES;
				ENABLE_TESTABILITY = YES;
				GCC_C_LANGUAGE_STANDARD = gnu11;
				GCC_DYNAMIC_NO_PIC = NO;
				GCC_NO_COMMON_BLOCKS = YES;
				GCC_OPTIMIZATION_LEVEL = 0;
				GCC_PREPROCESSOR_DEFINITIONS = (
					"DEBUG=1",
					"$(inherited)",
				);
				GCC_WARN_64_TO_32_BIT_CONVERSION = YES;
				GCC_WARN_ABOUT_RETURN_TYPE = YES_ERROR;
				GCC_WARN_UNDECLARED_SELECTOR = YES;
				GCC_WARN_UNINITIALIZED_AUTOS = YES_AGGRESSIVE;
				GCC_WARN_UNUSED_FUNCTION = YES;
				GCC_WARN_UNUSED_VARIABLE = YES;
				IPHONEOS_DEPLOYMENT_TARGET = 15.0;
				MTL_ENABLE_DEBUG_INFO = INCLUDE_SOURCE;
				MTL_FAST_MATH = YES;
				ONLY_ACTIVE_ARCH = YES;
				SDKROOT = iphoneos;
				SWIFT_ACTIVE_COMPILATION_CONDITIONS = DEBUG;
				SWIFT_OPTIMIZATION_LEVEL = "-Onone";
			};
			name = Debug;
		};
		02E6589628D46E2300B00EEC /* Release */ = {
			isa = XCBuildConfiguration;
			buildSettings = {
				ALWAYS_SEARCH_USER_PATHS = NO;
				CLANG_ANALYZER_NONNULL = YES;
				CLANG_ANALYZER_NUMBER_OBJECT_CONVERSION = YES_AGGRESSIVE;
				CLANG_CXX_LANGUAGE_STANDARD = "gnu++17";
				CLANG_ENABLE_MODULES = YES;
				CLANG_ENABLE_OBJC_ARC = YES;
				CLANG_ENABLE_OBJC_WEAK = YES;
				CLANG_WARN_BLOCK_CAPTURE_AUTORELEASING = YES;
				CLANG_WARN_BOOL_CONVERSION = YES;
				CLANG_WARN_COMMA = YES;
				CLANG_WARN_CONSTANT_CONVERSION = YES;
				CLANG_WARN_DEPRECATED_OBJC_IMPLEMENTATIONS = YES;
				CLANG_WARN_DIRECT_OBJC_ISA_USAGE = YES_ERROR;
				CLANG_WARN_DOCUMENTATION_COMMENTS = YES;
				CLANG_WARN_EMPTY_BODY = YES;
				CLANG_WARN_ENUM_CONVERSION = YES;
				CLANG_WARN_INFINITE_RECURSION = YES;
				CLANG_WARN_INT_CONVERSION = YES;
				CLANG_WARN_NON_LITERAL_NULL_CONVERSION = YES;
				CLANG_WARN_OBJC_IMPLICIT_RETAIN_SELF = YES;
				CLANG_WARN_OBJC_LITERAL_CONVERSION = YES;
				CLANG_WARN_OBJC_ROOT_CLASS = YES_ERROR;
				CLANG_WARN_QUOTED_INCLUDE_IN_FRAMEWORK_HEADER = YES;
				CLANG_WARN_RANGE_LOOP_ANALYSIS = YES;
				CLANG_WARN_STRICT_PROTOTYPES = YES;
				CLANG_WARN_SUSPICIOUS_MOVE = YES;
				CLANG_WARN_UNGUARDED_AVAILABILITY = YES_AGGRESSIVE;
				CLANG_WARN_UNREACHABLE_CODE = YES;
				CLANG_WARN__DUPLICATE_METHOD_MATCH = YES;
				COPY_PHASE_STRIP = NO;
				DEBUG_INFORMATION_FORMAT = "dwarf-with-dsym";
				ENABLE_NS_ASSERTIONS = NO;
				ENABLE_STRICT_OBJC_MSGSEND = YES;
				GCC_C_LANGUAGE_STANDARD = gnu11;
				GCC_NO_COMMON_BLOCKS = YES;
				GCC_WARN_64_TO_32_BIT_CONVERSION = YES;
				GCC_WARN_ABOUT_RETURN_TYPE = YES_ERROR;
				GCC_WARN_UNDECLARED_SELECTOR = YES;
				GCC_WARN_UNINITIALIZED_AUTOS = YES_AGGRESSIVE;
				GCC_WARN_UNUSED_FUNCTION = YES;
				GCC_WARN_UNUSED_VARIABLE = YES;
				IPHONEOS_DEPLOYMENT_TARGET = 15.0;
				MTL_ENABLE_DEBUG_INFO = NO;
				MTL_FAST_MATH = YES;
				SDKROOT = iphoneos;
				SWIFT_COMPILATION_MODE = wholemodule;
				SWIFT_OPTIMIZATION_LEVEL = "-O";
				VALIDATE_PRODUCT = YES;
			};
			name = Release;
		};
		02E6589828D46E2300B00EEC /* Debug */ = {
			isa = XCBuildConfiguration;
			buildSettings = {
				ASSETCATALOG_COMPILER_APPICON_NAME = AppIcon;
				ASSETCATALOG_COMPILER_GLOBAL_ACCENT_COLOR_NAME = AccentColor;
				CODE_SIGN_STYLE = Automatic;
				CURRENT_PROJECT_VERSION = 1;
				DEVELOPMENT_TEAM = VALK7BP96F;
				GENERATE_INFOPLIST_FILE = YES;
				INFOPLIST_FILE = App/Resources/Info.plist;
				INFOPLIST_KEY_UIApplicationSupportsIndirectInputEvents = YES;
				INFOPLIST_KEY_UILaunchStoryboardName = LaunchScreen;
				INFOPLIST_KEY_UISupportedInterfaceOrientations_iPad = "UIInterfaceOrientationPortrait UIInterfaceOrientationPortraitUpsideDown UIInterfaceOrientationLandscapeLeft UIInterfaceOrientationLandscapeRight";
				INFOPLIST_KEY_UISupportedInterfaceOrientations_iPhone = "UIInterfaceOrientationPortrait UIInterfaceOrientationLandscapeLeft UIInterfaceOrientationLandscapeRight";
				LD_RUNPATH_SEARCH_PATHS = (
					"$(inherited)",
					"@executable_path/Frameworks",
				);
				MARKETING_VERSION = 1.0;
				PRODUCT_BUNDLE_IDENTIFIER = com.silvertourcasestudy.App;
				PRODUCT_NAME = "$(TARGET_NAME)";
				SWIFT_EMIT_LOC_STRINGS = YES;
				SWIFT_VERSION = 5.0;
				TARGETED_DEVICE_FAMILY = "1,2";
			};
			name = Debug;
		};
		02E6589928D46E2300B00EEC /* Release */ = {
			isa = XCBuildConfiguration;
			buildSettings = {
				ASSETCATALOG_COMPILER_APPICON_NAME = AppIcon;
				ASSETCATALOG_COMPILER_GLOBAL_ACCENT_COLOR_NAME = AccentColor;
				CODE_SIGN_STYLE = Automatic;
				CURRENT_PROJECT_VERSION = 1;
				DEVELOPMENT_TEAM = VALK7BP96F;
				GENERATE_INFOPLIST_FILE = YES;
				INFOPLIST_FILE = App/Resources/Info.plist;
				INFOPLIST_KEY_UIApplicationSupportsIndirectInputEvents = YES;
				INFOPLIST_KEY_UILaunchStoryboardName = LaunchScreen;
				INFOPLIST_KEY_UISupportedInterfaceOrientations_iPad = "UIInterfaceOrientationPortrait UIInterfaceOrientationPortraitUpsideDown UIInterfaceOrientationLandscapeLeft UIInterfaceOrientationLandscapeRight";
				INFOPLIST_KEY_UISupportedInterfaceOrientations_iPhone = "UIInterfaceOrientationPortrait UIInterfaceOrientationLandscapeLeft UIInterfaceOrientationLandscapeRight";
				LD_RUNPATH_SEARCH_PATHS = (
					"$(inherited)",
					"@executable_path/Frameworks",
				);
				MARKETING_VERSION = 1.0;
				PRODUCT_BUNDLE_IDENTIFIER = com.silvertourcasestudy.App;
				PRODUCT_NAME = "$(TARGET_NAME)";
				SWIFT_EMIT_LOC_STRINGS = YES;
				SWIFT_VERSION = 5.0;
				TARGETED_DEVICE_FAMILY = "1,2";
			};
			name = Release;
		};
		02E6589B28D46E2300B00EEC /* Debug */ = {
			isa = XCBuildConfiguration;
			buildSettings = {
				ALWAYS_EMBED_SWIFT_STANDARD_LIBRARIES = YES;
				BUNDLE_LOADER = "$(TEST_HOST)";
				CODE_SIGN_STYLE = Automatic;
				CURRENT_PROJECT_VERSION = 1;
				GENERATE_INFOPLIST_FILE = YES;
				IPHONEOS_DEPLOYMENT_TARGET = 15.5;
				MARKETING_VERSION = 1.0;
				PRODUCT_BUNDLE_IDENTIFIER = com.silvertourcasestudy.AppTests;
				PRODUCT_NAME = "$(TARGET_NAME)";
				SWIFT_EMIT_LOC_STRINGS = NO;
				SWIFT_VERSION = 5.0;
				TARGETED_DEVICE_FAMILY = "1,2";
				TEST_HOST = "$(BUILT_PRODUCTS_DIR)/App.app/App";
			};
			name = Debug;
		};
		02E6589C28D46E2300B00EEC /* Release */ = {
			isa = XCBuildConfiguration;
			buildSettings = {
				ALWAYS_EMBED_SWIFT_STANDARD_LIBRARIES = YES;
				BUNDLE_LOADER = "$(TEST_HOST)";
				CODE_SIGN_STYLE = Automatic;
				CURRENT_PROJECT_VERSION = 1;
				GENERATE_INFOPLIST_FILE = YES;
				IPHONEOS_DEPLOYMENT_TARGET = 15.5;
				MARKETING_VERSION = 1.0;
				PRODUCT_BUNDLE_IDENTIFIER = com.silvertourcasestudy.AppTests;
				PRODUCT_NAME = "$(TARGET_NAME)";
				SWIFT_EMIT_LOC_STRINGS = NO;
				SWIFT_VERSION = 5.0;
				TARGETED_DEVICE_FAMILY = "1,2";
				TEST_HOST = "$(BUILT_PRODUCTS_DIR)/App.app/App";
			};
			name = Release;
		};
		02E6589E28D46E2300B00EEC /* Debug */ = {
			isa = XCBuildConfiguration;
			buildSettings = {
				ALWAYS_EMBED_SWIFT_STANDARD_LIBRARIES = YES;
				CODE_SIGN_STYLE = Automatic;
				CURRENT_PROJECT_VERSION = 1;
				GENERATE_INFOPLIST_FILE = YES;
				MARKETING_VERSION = 1.0;
				PRODUCT_BUNDLE_IDENTIFIER = com.silvertourcasestudy.AppUITests;
				PRODUCT_NAME = "$(TARGET_NAME)";
				SWIFT_EMIT_LOC_STRINGS = NO;
				SWIFT_VERSION = 5.0;
				TARGETED_DEVICE_FAMILY = "1,2";
				TEST_TARGET_NAME = App;
			};
			name = Debug;
		};
		02E6589F28D46E2300B00EEC /* Release */ = {
			isa = XCBuildConfiguration;
			buildSettings = {
				ALWAYS_EMBED_SWIFT_STANDARD_LIBRARIES = YES;
				CODE_SIGN_STYLE = Automatic;
				CURRENT_PROJECT_VERSION = 1;
				GENERATE_INFOPLIST_FILE = YES;
				MARKETING_VERSION = 1.0;
				PRODUCT_BUNDLE_IDENTIFIER = com.silvertourcasestudy.AppUITests;
				PRODUCT_NAME = "$(TARGET_NAME)";
				SWIFT_EMIT_LOC_STRINGS = NO;
				SWIFT_VERSION = 5.0;
				TARGETED_DEVICE_FAMILY = "1,2";
				TEST_TARGET_NAME = App;
			};
			name = Release;
		};
/* End XCBuildConfiguration section */

/* Begin XCConfigurationList section */
		02E6586828D46E2100B00EEC /* Build configuration list for PBXProject "App" */ = {
			isa = XCConfigurationList;
			buildConfigurations = (
				02E6589528D46E2300B00EEC /* Debug */,
				02E6589628D46E2300B00EEC /* Release */,
			);
			defaultConfigurationIsVisible = 0;
			defaultConfigurationName = Release;
		};
		02E6589728D46E2300B00EEC /* Build configuration list for PBXNativeTarget "App" */ = {
			isa = XCConfigurationList;
			buildConfigurations = (
				02E6589828D46E2300B00EEC /* Debug */,
				02E6589928D46E2300B00EEC /* Release */,
			);
			defaultConfigurationIsVisible = 0;
			defaultConfigurationName = Release;
		};
		02E6589A28D46E2300B00EEC /* Build configuration list for PBXNativeTarget "AppTests" */ = {
			isa = XCConfigurationList;
			buildConfigurations = (
				02E6589B28D46E2300B00EEC /* Debug */,
				02E6589C28D46E2300B00EEC /* Release */,
			);
			defaultConfigurationIsVisible = 0;
			defaultConfigurationName = Release;
		};
		02E6589D28D46E2300B00EEC /* Build configuration list for PBXNativeTarget "AppUITests" */ = {
			isa = XCConfigurationList;
			buildConfigurations = (
				02E6589E28D46E2300B00EEC /* Debug */,
				02E6589F28D46E2300B00EEC /* Release */,
			);
			defaultConfigurationIsVisible = 0;
			defaultConfigurationName = Release;
		};
/* End XCConfigurationList section */
	};
	rootObject = 02E6586528D46E2100B00EEC /* Project object */;
}
